
Microsoft Visual Studio Solution File, Format Version 12.00
# Visual Studio Version 17
VisualStudioVersion = 17.5.33516.290
MinimumVisualStudioVersion = 10.0.40219.1
Project("{9A19103F-16F7-4668-BE54-9A1E7A4F7556}") = "CartItemProcessor-1", "CartItemProcessor-1\CartItemProcessor-1.csproj", "{8A258C67-2282-42B1-875E-518EC2771D71}"
EndProject
Project("{9A19103F-16F7-4668-BE54-9A1E7A4F7556}") = "Akka.Cluster.Infra", "Akka.Cluster.Infra\Akka.Cluster.Infra.csproj", "{8A31A7FD-764B-441D-8739-22988E0C64C2}"
EndProject
Project("{9A19103F-16F7-4668-BE54-9A1E7A4F7556}") = "CartAPI", "CartAPI\CartAPI.csproj", "{48D29C27-40AE-4DCA-9E4F-A944E61621B8}"
EndProject
Project("{9A19103F-16F7-4668-BE54-9A1E7A4F7556}") = "CartProcessor-1", "CartProcessor-1\CartProcessor-1.csproj", "{A1B64A8B-D22F-4C86-9AE8-79E2F69557F1}"
EndProject
Project("{FAE04EC0-301F-11D3-BF4B-00C04F79EFBC}") = "CartStatusProcessor", "CartStatusProcessor\CartStatusProcessor.csproj", "{A0B61B54-2084-4083-B971-FA8491B556E3}"
EndProject
Global
	GlobalSection(SolutionConfigurationPlatforms) = preSolution
		Debug|Any CPU = Debug|Any CPU
		Release|Any CPU = Release|Any CPU
	EndGlobalSection
	GlobalSection(ProjectConfigurationPlatforms) = postSolution
		{8A258C67-2282-42B1-875E-518EC2771D71}.Debug|Any CPU.ActiveCfg = Debug|Any CPU
		{8A258C67-2282-42B1-875E-518EC2771D71}.Debug|Any CPU.Build.0 = Debug|Any CPU
		{8A258C67-2282-42B1-875E-518EC2771D71}.Release|Any CPU.ActiveCfg = Release|Any CPU
		{8A258C67-2282-42B1-875E-518EC2771D71}.Release|Any CPU.Build.0 = Release|Any CPU
		{8A31A7FD-764B-441D-8739-22988E0C64C2}.Debug|Any CPU.ActiveCfg = Debug|Any CPU
		{8A31A7FD-764B-441D-8739-22988E0C64C2}.Debug|Any CPU.Build.0 = Debug|Any CPU
		{8A31A7FD-764B-441D-8739-22988E0C64C2}.Release|Any CPU.ActiveCfg = Release|Any CPU
		{8A31A7FD-764B-441D-8739-22988E0C64C2}.Release|Any CPU.Build.0 = Release|Any CPU
		{48D29C27-40AE-4DCA-9E4F-A944E61621B8}.Debug|Any CPU.ActiveCfg = Debug|Any CPU
		{48D29C27-40AE-4DCA-9E4F-A944E61621B8}.Debug|Any CPU.Build.0 = Debug|Any CPU
		{48D29C27-40AE-4DCA-9E4F-A944E61621B8}.Release|Any CPU.ActiveCfg = Release|Any CPU
		{48D29C27-40AE-4DCA-9E4F-A944E61621B8}.Release|Any CPU.Build.0 = Release|Any CPU
		{A1B64A8B-D22F-4C86-9AE8-79E2F69557F1}.Debug|Any CPU.ActiveCfg = Debug|Any CPU
		{A1B64A8B-D22F-4C86-9AE8-79E2F69557F1}.Debug|Any CPU.Build.0 = Debug|Any CPU
		{A1B64A8B-D22F-4C86-9AE8-79E2F69557F1}.Release|Any CPU.ActiveCfg = Release|Any CPU
		{A1B64A8B-D22F-4C86-9AE8-79E2F69557F1}.Release|Any CPU.Build.0 = Release|Any CPU
		{04DA3F8A-C950-4675-A270-D0EB6096B338}.Debug|Any CPU.ActiveCfg = Debug|Any CPU
		{04DA3F8A-C950-4675-A270-D0EB6096B338}.Release|Any CPU.ActiveCfg = Release|Any CPU
		{04DA3F8A-C950-4675-A270-D0EB6096B338}.Release|Any CPU.Build.0 = Release|Any CPU
		{A0B61B54-2084-4083-B971-FA8491B556E3}.Debug|Any CPU.ActiveCfg = Debug|Any CPU
		{A0B61B54-2084-4083-B971-FA8491B556E3}.Debug|Any CPU.Build.0 = Debug|Any CPU
		{A0B61B54-2084-4083-B971-FA8491B556E3}.Release|Any CPU.ActiveCfg = Release|Any CPU
		{A0B61B54-2084-4083-B971-FA8491B556E3}.Release|Any CPU.Build.0 = Release|Any CPU
	EndGlobalSection
	GlobalSection(SolutionProperties) = preSolution
		HideSolutionNode = FALSE
	EndGlobalSection
	GlobalSection(ExtensibilityGlobals) = postSolution
		SolutionGuid = {795FF25A-FD9B-493B-98FC-24AE4804DF42}
	EndGlobalSection
EndGlobal
